# Written by 'cc-guides render' — do not edit.
schema = 1
version = "0.1.54"
artifacts = [".claude/settings.json", ".github/workflows/docs.yml", ".gitignore", ".mcp.json", ".pre-commit-config.yaml", "AGENTS.md", "CLAUDE.md", "captain_hook/scripts/install-binary.sh", "captain_hook/scripts/install-mcp.sh", "great-docs.yml"]

[sources.cc-skills]
spec = "github:yasyf/cc-skills@main"
commit = "1c24f1e7cd175ce2c5f6a54a78e7b6ef17b1b9f2"
